
Microsoft Visual Studio Solution File, Format Version 12.00
# Visual Studio Version 17
VisualStudioVersion = 17.14.36705.20
MinimumVisualStudioVersion = 10.0.40219.1
Project("{FAE04EC0-301F-11D3-BF4B-00C04F79EFBC}") = "Demo01", "Demo01\Demo01.csproj", "{2B41C77E-0925-421D-A607-9E5034868C6B}"
EndProject
Project("{2150E333-8FDC-42A3-9474-1A3956D46DE8}") = "Démonstrations", "Démonstrations", "{02EA681E-C7D8-13C7-8484-4AC65E1B71E8}"
EndProject
Project("{FAE04EC0-301F-11D3-BF4B-00C04F79EFBC}") = "Demo02", "Demo02\Demo02.csproj", "{1538D0F3-4A1F-4EB6-A704-45E93547B342}"
EndProject
Project("{FAE04EC0-301F-11D3-BF4B-00C04F79EFBC}") = "Demo03", "Demo03\Demo03.csproj", "{821ACFA0-F5B8-45AB-8D97-A08C6A4FFA1B}"
EndProject
Project("{FAE04EC0-301F-11D3-BF4B-00C04F79EFBC}") = "Demo04", "Demo04\Demo04.csproj", "{10795C13-9173-400A-A65A-50BCCA9A74E3}"
EndProject
Project("{2150E333-8FDC-42A3-9474-1A3956D46DE8}") = "Exercices", "Exercices", "{E60094FC-DE70-4D54-975C-2DE924BEA055}"
EndProject
Project("{FAE04EC0-301F-11D3-BF4B-00C04F79EFBC}") = "Exo-Monopoly", "Exo-Monopoly\Exo-Monopoly.csproj", "{83EDAC06-ADFC-48C1-953C-F99B3DB1DEEC}"
EndProject
Project("{FAE04EC0-301F-11D3-BF4B-00C04F79EFBC}") = "Demo05", "Demo05\Demo05.csproj", "{085902B0-A6B4-4BFD-A1A8-5DF8CAEC8F3E}"
EndProject
Project("{FAE04EC0-301F-11D3-BF4B-00C04F79EFBC}") = "Demo06", "Demo06\Demo06.csproj", "{0FA5326C-354F-4BD4-B891-1056FC3F2AEE}"
EndProject
Project("{FAE04EC0-301F-11D3-BF4B-00C04F79EFBC}") = "Exo-Vacances-01", "Exo-Vacances-01\Exo-Vacances-01.csproj", "{BA4E1B08-7E0F-4BD5-B9E6-01DA831739FF}"
EndProject
Project("{FAE04EC0-301F-11D3-BF4B-00C04F79EFBC}") = "Demo07", "Demo07\Demo07.csproj", "{641FC3E5-B7A5-4F4C-AE6D-EEF2A33675BA}"
EndProject
Project("{FAE04EC0-301F-11D3-BF4B-00C04F79EFBC}") = "Demo08", "Demo08\Demo08.csproj", "{7B311833-5639-4BB5-B953-0D7F10F0DD06}"
EndProject
Project("{FAE04EC0-301F-11D3-BF4B-00C04F79EFBC}") = "Demo09", "Demo09\Demo09.csproj", "{3331EEF6-DC5D-46E9-9638-454A3334D11D}"
EndProject
Project("{FAE04EC0-301F-11D3-BF4B-00C04F79EFBC}") = "Demo10", "Demo10\Demo10.csproj", "{4E6DBD8B-A7C5-40C6-BB57-8513B0EC98D0}"
EndProject
Project("{FAE04EC0-301F-11D3-BF4B-00C04F79EFBC}") = "Demo11", "Demo11\Demo11.csproj", "{65F0A999-1605-4A93-81C5-364EF95ADB73}"
EndProject
Project("{FAE04EC0-301F-11D3-BF4B-00C04F79EFBC}") = "Demo12", "Demo12\Demo12.csproj", "{E0957B2C-AAD2-4303-BA43-90F2A6517D8E}"
EndProject
Project("{FAE04EC0-301F-11D3-BF4B-00C04F79EFBC}") = "Demo13", "Demo13\Demo13.csproj", "{F509A7AF-8E3F-4DE7-B23C-EF1953DA11E2}"
EndProject
Project("{FAE04EC0-301F-11D3-BF4B-00C04F79EFBC}") = "Demo14", "Demo14\Demo14.csproj", "{5447727A-42D3-4603-B593-E66200545007}"
EndProject
Global
	GlobalSection(SolutionConfigurationPlatforms) = preSolution
		Debug|Any CPU = Debug|Any CPU
		Release|Any CPU = Release|Any CPU
	EndGlobalSection
	GlobalSection(ProjectConfigurationPlatforms) = postSolution
		{2B41C77E-0925-421D-A607-9E5034868C6B}.Debug|Any CPU.ActiveCfg = Debug|Any CPU
		{2B41C77E-0925-421D-A607-9E5034868C6B}.Debug|Any CPU.Build.0 = Debug|Any CPU
		{2B41C77E-0925-421D-A607-9E5034868C6B}.Release|Any CPU.ActiveCfg = Release|Any CPU
		{2B41C77E-0925-421D-A607-9E5034868C6B}.Release|Any CPU.Build.0 = Release|Any CPU
		{1538D0F3-4A1F-4EB6-A704-45E93547B342}.Debug|Any CPU.ActiveCfg = Debug|Any CPU
		{1538D0F3-4A1F-4EB6-A704-45E93547B342}.Debug|Any CPU.Build.0 = Debug|Any CPU
		{1538D0F3-4A1F-4EB6-A704-45E93547B342}.Release|Any CPU.ActiveCfg = Release|Any CPU
		{1538D0F3-4A1F-4EB6-A704-45E93547B342}.Release|Any CPU.Build.0 = Release|Any CPU
		{821ACFA0-F5B8-45AB-8D97-A08C6A4FFA1B}.Debug|Any CPU.ActiveCfg = Debug|Any CPU
		{821ACFA0-F5B8-45AB-8D97-A08C6A4FFA1B}.Debug|Any CPU.Build.0 = Debug|Any CPU
		{821ACFA0-F5B8-45AB-8D97-A08C6A4FFA1B}.Release|Any CPU.ActiveCfg = Release|Any CPU
		{821ACFA0-F5B8-45AB-8D97-A08C6A4FFA1B}.Release|Any CPU.Build.0 = Release|Any CPU
		{10795C13-9173-400A-A65A-50BCCA9A74E3}.Debug|Any CPU.ActiveCfg = Debug|Any CPU
		{10795C13-9173-400A-A65A-50BCCA9A74E3}.Debug|Any CPU.Build.0 = Debug|Any CPU
		{10795C13-9173-400A-A65A-50BCCA9A74E3}.Release|Any CPU.ActiveCfg = Release|Any CPU
		{10795C13-9173-400A-A65A-50BCCA9A74E3}.Release|Any CPU.Build.0 = Release|Any CPU
		{83EDAC06-ADFC-48C1-953C-F99B3DB1DEEC}.Debug|Any CPU.ActiveCfg = Debug|Any CPU
		{83EDAC06-ADFC-48C1-953C-F99B3DB1DEEC}.Debug|Any CPU.Build.0 = Debug|Any CPU
		{83EDAC06-ADFC-48C1-953C-F99B3DB1DEEC}.Release|Any CPU.ActiveCfg = Release|Any CPU
		{83EDAC06-ADFC-48C1-953C-F99B3DB1DEEC}.Release|Any CPU.Build.0 = Release|Any CPU
		{085902B0-A6B4-4BFD-A1A8-5DF8CAEC8F3E}.Debug|Any CPU.ActiveCfg = Debug|Any CPU
		{085902B0-A6B4-4BFD-A1A8-5DF8CAEC8F3E}.Debug|Any CPU.Build.0 = Debug|Any CPU
		{085902B0-A6B4-4BFD-A1A8-5DF8CAEC8F3E}.Release|Any CPU.ActiveCfg = Release|Any CPU
		{085902B0-A6B4-4BFD-A1A8-5DF8CAEC8F3E}.Release|Any CPU.Build.0 = Release|Any CPU
		{0FA5326C-354F-4BD4-B891-1056FC3F2AEE}.Debug|Any CPU.ActiveCfg = Debug|Any CPU
		{0FA5326C-354F-4BD4-B891-1056FC3F2AEE}.Debug|Any CPU.Build.0 = Debug|Any CPU
		{0FA5326C-354F-4BD4-B891-1056FC3F2AEE}.Release|Any CPU.ActiveCfg = Release|Any CPU
		{0FA5326C-354F-4BD4-B891-1056FC3F2AEE}.Release|Any CPU.Build.0 = Release|Any CPU
		{BA4E1B08-7E0F-4BD5-B9E6-01DA831739FF}.Debug|Any CPU.ActiveCfg = Debug|Any CPU
		{BA4E1B08-7E0F-4BD5-B9E6-01DA831739FF}.Debug|Any CPU.Build.0 = Debug|Any CPU
		{BA4E1B08-7E0F-4BD5-B9E6-01DA831739FF}.Release|Any CPU.ActiveCfg = Release|Any CPU
		{BA4E1B08-7E0F-4BD5-B9E6-01DA831739FF}.Release|Any CPU.Build.0 = Release|Any CPU
		{641FC3E5-B7A5-4F4C-AE6D-EEF2A33675BA}.Debug|Any CPU.ActiveCfg = Debug|Any CPU
		{641FC3E5-B7A5-4F4C-AE6D-EEF2A33675BA}.Debug|Any CPU.Build.0 = Debug|Any CPU
		{641FC3E5-B7A5-4F4C-AE6D-EEF2A33675BA}.Release|Any CPU.ActiveCfg = Release|Any CPU
		{641FC3E5-B7A5-4F4C-AE6D-EEF2A33675BA}.Release|Any CPU.Build.0 = Release|Any CPU
		{7B311833-5639-4BB5-B953-0D7F10F0DD06}.Debug|Any CPU.ActiveCfg = Debug|Any CPU
		{7B311833-5639-4BB5-B953-0D7F10F0DD06}.Debug|Any CPU.Build.0 = Debug|Any CPU
		{7B311833-5639-4BB5-B953-0D7F10F0DD06}.Release|Any CPU.ActiveCfg = Release|Any CPU
		{7B311833-5639-4BB5-B953-0D7F10F0DD06}.Release|Any CPU.Build.0 = Release|Any CPU
		{3331EEF6-DC5D-46E9-9638-454A3334D11D}.Debug|Any CPU.ActiveCfg = Debug|Any CPU
		{3331EEF6-DC5D-46E9-9638-454A3334D11D}.Debug|Any CPU.Build.0 = Debug|Any CPU
		{3331EEF6-DC5D-46E9-9638-454A3334D11D}.Release|Any CPU.ActiveCfg = Release|Any CPU
		{3331EEF6-DC5D-46E9-9638-454A3334D11D}.Release|Any CPU.Build.0 = Release|Any CPU
		{4E6DBD8B-A7C5-40C6-BB57-8513B0EC98D0}.Debug|Any CPU.ActiveCfg = Debug|Any CPU
		{4E6DBD8B-A7C5-40C6-BB57-8513B0EC98D0}.Debug|Any CPU.Build.0 = Debug|Any CPU
		{4E6DBD8B-A7C5-40C6-BB57-8513B0EC98D0}.Release|Any CPU.ActiveCfg = Release|Any CPU
		{4E6DBD8B-A7C5-40C6-BB57-8513B0EC98D0}.Release|Any CPU.Build.0 = Release|Any CPU
		{65F0A999-1605-4A93-81C5-364EF95ADB73}.Debug|Any CPU.ActiveCfg = Debug|Any CPU
		{65F0A999-1605-4A93-81C5-364EF95ADB73}.Debug|Any CPU.Build.0 = Debug|Any CPU
		{65F0A999-1605-4A93-81C5-364EF95ADB73}.Release|Any CPU.ActiveCfg = Release|Any CPU
		{65F0A999-1605-4A93-81C5-364EF95ADB73}.Release|Any CPU.Build.0 = Release|Any CPU
		{E0957B2C-AAD2-4303-BA43-90F2A6517D8E}.Debug|Any CPU.ActiveCfg = Debug|Any CPU
		{E0957B2C-AAD2-4303-BA43-90F2A6517D8E}.Debug|Any CPU.Build.0 = Debug|Any CPU
		{E0957B2C-AAD2-4303-BA43-90F2A6517D8E}.Release|Any CPU.ActiveCfg = Release|Any CPU
		{E0957B2C-AAD2-4303-BA43-90F2A6517D8E}.Release|Any CPU.Build.0 = Release|Any CPU
		{F509A7AF-8E3F-4DE7-B23C-EF1953DA11E2}.Debug|Any CPU.ActiveCfg = Debug|Any CPU
		{F509A7AF-8E3F-4DE7-B23C-EF1953DA11E2}.Debug|Any CPU.Build.0 = Debug|Any CPU
		{F509A7AF-8E3F-4DE7-B23C-EF1953DA11E2}.Release|Any CPU.ActiveCfg = Release|Any CPU
		{F509A7AF-8E3F-4DE7-B23C-EF1953DA11E2}.Release|Any CPU.Build.0 = Release|Any CPU
		{5447727A-42D3-4603-B593-E66200545007}.Debug|Any CPU.ActiveCfg = Debug|Any CPU
		{5447727A-42D3-4603-B593-E66200545007}.Debug|Any CPU.Build.0 = Debug|Any CPU
		{5447727A-42D3-4603-B593-E66200545007}.Release|Any CPU.ActiveCfg = Release|Any CPU
		{5447727A-42D3-4603-B593-E66200545007}.Release|Any CPU.Build.0 = Release|Any CPU
	EndGlobalSection
	GlobalSection(SolutionProperties) = preSolution
		HideSolutionNode = FALSE
	EndGlobalSection
	GlobalSection(NestedProjects) = preSolution
		{2B41C77E-0925-421D-A607-9E5034868C6B} = {02EA681E-C7D8-13C7-8484-4AC65E1B71E8}
		{1538D0F3-4A1F-4EB6-A704-45E93547B342} = {02EA681E-C7D8-13C7-8484-4AC65E1B71E8}
		{821ACFA0-F5B8-45AB-8D97-A08C6A4FFA1B} = {02EA681E-C7D8-13C7-8484-4AC65E1B71E8}
		{10795C13-9173-400A-A65A-50BCCA9A74E3} = {02EA681E-C7D8-13C7-8484-4AC65E1B71E8}
		{83EDAC06-ADFC-48C1-953C-F99B3DB1DEEC} = {E60094FC-DE70-4D54-975C-2DE924BEA055}
		{085902B0-A6B4-4BFD-A1A8-5DF8CAEC8F3E} = {02EA681E-C7D8-13C7-8484-4AC65E1B71E8}
		{0FA5326C-354F-4BD4-B891-1056FC3F2AEE} = {02EA681E-C7D8-13C7-8484-4AC65E1B71E8}
		{BA4E1B08-7E0F-4BD5-B9E6-01DA831739FF} = {E60094FC-DE70-4D54-975C-2DE924BEA055}
		{641FC3E5-B7A5-4F4C-AE6D-EEF2A33675BA} = {02EA681E-C7D8-13C7-8484-4AC65E1B71E8}
		{7B311833-5639-4BB5-B953-0D7F10F0DD06} = {02EA681E-C7D8-13C7-8484-4AC65E1B71E8}
		{3331EEF6-DC5D-46E9-9638-454A3334D11D} = {02EA681E-C7D8-13C7-8484-4AC65E1B71E8}
		{4E6DBD8B-A7C5-40C6-BB57-8513B0EC98D0} = {02EA681E-C7D8-13C7-8484-4AC65E1B71E8}
		{65F0A999-1605-4A93-81C5-364EF95ADB73} = {02EA681E-C7D8-13C7-8484-4AC65E1B71E8}
		{E0957B2C-AAD2-4303-BA43-90F2A6517D8E} = {02EA681E-C7D8-13C7-8484-4AC65E1B71E8}
		{F509A7AF-8E3F-4DE7-B23C-EF1953DA11E2} = {02EA681E-C7D8-13C7-8484-4AC65E1B71E8}
		{5447727A-42D3-4603-B593-E66200545007} = {02EA681E-C7D8-13C7-8484-4AC65E1B71E8}
	EndGlobalSection
	GlobalSection(ExtensibilityGlobals) = postSolution
		SolutionGuid = {73741D40-EF33-4A3C-870B-8DC297E56B68}
	EndGlobalSection
EndGlobal
